// !$*UTF8*$!
{
	archiveVersion = 1;
	classes = {
	};
	objectVersion = 50;
	objects = {

/* Begin PBXBuildFile section */
		A080046A2220AC800006722E /* CommonRaytracingFramework.framework in Frameworks */ = {isa = PBXBuildFile; fileRef = A08004602220AC800006722E /* CommonRaytracingFramework.framework */; };
		A080046F2220AC800006722E /* CommonRaytracingFrameworkTests.swift in Sources */ = {isa = PBXBuildFile; fileRef = A080046E2220AC800006722E /* CommonRaytracingFrameworkTests.swift */; };
		A08004712220AC800006722E /* CommonRaytracingFramework.h in Headers */ = {isa = PBXBuildFile; fileRef = A08004632220AC800006722E /* CommonRaytracingFramework.h */; settings = {ATTRIBUTES = (Public, ); }; };
/* End PBXBuildFile section */

/* Begin PBXContainerItemProxy section */
		A080046B2220AC800006722E /* PBXContainerItemProxy */ = {
			isa = PBXContainerItemProxy;
			containerPortal = A08004572220AC800006722E /* Project object */;
			proxyType = 1;
			remoteGlobalIDString = A080045F2220AC800006722E;
			remoteInfo = CommonRaytracingFramework;
		};
/* End PBXContainerItemProxy section */

/* Begin PBXFileReference section */
		A08004602220AC800006722E /* CommonRaytracingFramework.framework */ = {isa = PBXFileReference; explicitFileType = wrapper.framework; includeInIndex = 0; path = CommonRaytracingFramework.framework; sourceTree = BUILT_PRODUCTS_DIR; };
		A08004632220AC800006722E /* CommonRaytracingFramework.h */ = {isa = PBXFileReference; lastKnownFileType = sourcecode.c.h; path = CommonRaytracingFramework.h; sourceTree = "<group>"; };
		A08004642220AC800006722E /* Info.plist */ = {isa = PBXFileReference; lastKnownFileType = text.plist.xml; path = Info.plist; sourceTree = "<group>"; };
		A08004692220AC800006722E /* CommonRaytracingFrameworkTests.xctest */ = {isa = PBXFileReference; explicitFileType = wrapper.cfbundle; includeInIndex = 0; path = CommonRaytracingFrameworkTests.xctest; sourceTree = BUILT_PRODUCTS_DIR; };
		A080046E2220AC800006722E /* CommonRaytracingFrameworkTests.swift */ = {isa = PBXFileReference; lastKnownFileType = sourcecode.swift; path = CommonRaytracingFrameworkTests.swift; sourceTree = "<group>"; };
		A08004702220AC800006722E /* Info.plist */ = {isa = PBXFileReference; lastKnownFileType = text.plist.xml; path = Info.plist; sourceTree = "<group>"; };
/* End PBXFileReference section */

/* Begin PBXFrameworksBuildPhase section */
		A080045D2220AC800006722E /* Frameworks */ = {
			isa = PBXFrameworksBuildPhase;
			buildActionMask = 2147483647;
			files = (
			);
			runOnlyForDeploymentPostprocessing = 0;
		};
		A08004662220AC800006722E /* Frameworks */ = {
			isa = PBXFrameworksBuildPhase;
			buildActionMask = 2147483647;
			files = (
				A080046A2220AC800006722E /* CommonRaytracingFramework.framework in Frameworks */,
			);
			runOnlyForDeploymentPostprocessing = 0;
		};
/* End PBXFrameworksBuildPhase section */

/* Begin PBXGroup section */
		A08004562220AC800006722E = {
			isa = PBXGroup;
			children = (
				A08004622220AC800006722E /* CommonRaytracingFramework */,
				A080046D2220AC800006722E /* CommonRaytracingFrameworkTests */,
				A08004612220AC800006722E /* Products */,
			);
			sourceTree = "<group>";
		};
		A08004612220AC800006722E /* Products */ = {
			isa = PBXGroup;
			children = (
				A08004602220AC800006722E /* CommonRaytracingFramework.framework */,
				A08004692220AC800006722E /* CommonRaytracingFrameworkTests.xctest */,
			);
			name = Products;
			sourceTree = "<group>";
		};
		A08004622220AC800006722E /* CommonRaytracingFramework */ = {
			isa = PBXGroup;
			children = (
				A08004632220AC800006722E /* CommonRaytracingFramework.h */,
				A08004642220AC800006722E /* Info.plist */,
			);
			path = CommonRaytracingFramework;
			sourceTree = "<group>";
		};
		A080046D2220AC800006722E /* CommonRaytracingFrameworkTests */ = {
			isa = PBXGroup;
			children = (
				A080046E2220AC800006722E /* CommonRaytracingFrameworkTests.swift */,
				A08004702220AC800006722E /* Info.plist */,
			);
			path = CommonRaytracingFrameworkTests;
			sourceTree = "<group>";
		};
/* End PBXGroup section */

/* Begin PBXHeadersBuildPhase section */
		A080045B2220AC800006722E /* Headers */ = {
			isa = PBXHeadersBuildPhase;
			buildActionMask = 2147483647;
			files = (
				A08004712220AC800006722E /* CommonRaytracingFramework.h in Headers */,
			);
			runOnlyForDeploymentPostprocessing = 0;
		};
/* End PBXHeadersBuildPhase section */

/* Begin PBXNativeTarget section */
		A080045F2220AC800006722E /* CommonRaytracingFramework */ = {
			isa = PBXNativeTarget;
			buildConfigurationList = A08004742220AC800006722E /* Build configuration list for PBXNativeTarget "CommonRaytracingFramework" */;
			buildPhases = (
				A080045B2220AC800006722E /* Headers */,
				A080045C2220AC800006722E /* Sources */,
				A080045D2220AC800006722E /* Frameworks */,
				A080045E2220AC800006722E /* Resources */,
			);
			buildRules = (
			);
			dependencies = (
			);
			name = CommonRaytracingFramework;
			productName = CommonRaytracingFramework;
			productReference = A08004602220AC800006722E /* CommonRaytracingFramework.framework */;
			productType = "com.apple.product-type.framework";
		};
		A08004682220AC800006722E /* CommonRaytracingFrameworkTests */ = {
			isa = PBXNativeTarget;
			buildConfigurationList = A08004772220AC800006722E /* Build configuration list for PBXNativeTarget "CommonRaytracingFrameworkTests" */;
			buildPhases = (
				A08004652220AC800006722E /* Sources */,
				A08004662220AC800006722E /* Frameworks */,
				A08004672220AC800006722E /* Resources */,
			);
			buildRules = (
			);
			dependencies = (
				A080046C2220AC800006722E /* PBXTargetDependency */,
			);
			name = CommonRaytracingFrameworkTests;
			productName = CommonRaytracingFrameworkTests;
			productReference = A08004692220AC800006722E /* CommonRaytracingFrameworkTests.xctest */;
			productType = "com.apple.product-type.bundle.unit-test";
		};
/* End PBXNativeTarget section */

/* Begin PBXProject section */
		A08004572220AC800006722E /* Project object */ = {
			isa = PBXProject;
			attributes = {
				LastSwiftUpdateCheck = 1010;
				LastUpgradeCheck = 1010;
				ORGANIZATIONNAME = "Brendan Seabrook";
				TargetAttributes = {
					A080045F2220AC800006722E = {
						CreatedOnToolsVersion = 10.1;
					};
					A08004682220AC800006722E = {
						CreatedOnToolsVersion = 10.1;
					};
				};
			};
			buildConfigurationList = A080045A2220AC800006722E /* Build configuration list for PBXProject "CommonRaytracingFramework" */;
			compatibilityVersion = "Xcode 9.3";
			developmentRegion = en;
			hasScannedForEncodings = 0;
			knownRegions = (
				en,
			);
			mainGroup = A08004562220AC800006722E;
			productRefGroup = A08004612220AC800006722E /* Products */;
			projectDirPath = "";
			projectRoot = "";
			targets = (
				A080045F2220AC800006722E /* CommonRaytracingFramework */,
				A08004682220AC800006722E /* CommonRaytracingFrameworkTests */,
			);
		};
/* End PBXProject section */

/* Begin PBXResourcesBuildPhase section */
		A080045E2220AC800006722E /* Resources */ = {
			isa = PBXResourcesBuildPhase;
			buildActionMask = 2147483647;
			files = (
			);
			runOnlyForDeploymentPostprocessing = 0;
		};
		A08004672220AC800006722E /* Resources */ = {
			isa = PBXResourcesBuildPhase;
			buildActionMask = 2147483647;
			files = (
			);
			runOnlyForDeploymentPostprocessing = 0;
		};
/* End PBXResourcesBuildPhase section */

/* Begin PBXSourcesBuildPhase section */
		A080045C2220AC800006722E /* Sources */ = {
			isa = PBXSourcesBuildPhase;
			buildActionMask = 2147483647;
			files = (
			);
			runOnlyForDeploymentPostprocessing = 0;
		};
		A08004652220AC800006722E /* Sources */ = {
			isa = PBXSourcesBuildPhase;
			buildActionMask = 2147483647;
			files = (
				A080046F2220AC800006722E /* CommonRaytracingFrameworkTests.swift in Sources */,
			);
			runOnlyForDeploymentPostprocessing = 0;
		};
/* End PBXSourcesBuildPhase section */

/* Begin PBXTargetDependency section */
		A080046C2220AC800006722E /* PBXTargetDependency */ = {
			isa = PBXTargetDependency;
			target = A080045F2220AC800006722E /* CommonRaytracingFramework */;
			targetProxy = A080046B2220AC800006722E /* PBXContainerItemProxy */;
		};
/* End PBXTargetDependency section */

/* Begin XCBuildConfiguration section */
		A08004722220AC800006722E /* Debug */ = {
			isa = XCBuildConfiguration;
			buildSettings = {
				ALWAYS_SEARCH_USER_PATHS = NO;
				CLANG_ANALYZER_NONNULL = YES;
				CLANG_ANALYZER_NUMBER_OBJECT_CONVERSION = YES_AGGRESSIVE;
				CLANG_CXX_LANGUAGE_STANDARD = "gnu++14";
				CLANG_CXX_LIBRARY = "libc++";
				CLANG_ENABLE_MODULES = YES;
				CLANG_ENABLE_OBJC_ARC = YES;
				CLANG_ENABLE_OBJC_WEAK = YES;
				CLANG_WARN_BLOCK_CAPTURE_AUTORELEASING = YES;
				CLANG_WARN_BOOL_CONVERSION = YES;
				CLANG_WARN_COMMA = YES;
				CLANG_WARN_CONSTANT_CONVERSION = YES;
				CLANG_WARN_DEPRECATED_OBJC_IMPLEMENTATIONS = YES;
				CLANG_WARN_DIRECT_OBJC_ISA_USAGE = YES_ERROR;
				CLANG_WARN_DOCUMENTATION_COMMENTS = YES;
				CLANG_WARN_EMPTY_BODY = YES;
				CLANG_WARN_ENUM_CONVERSION = YES;
				CLANG_WARN_INFINITE_RECURSION = YES;
				CLANG_WARN_INT_CONVERSION = YES;
				CLANG_WARN_NON_LITERAL_NULL_CONVERSION = YES;
				CLANG_WARN_OBJC_IMPLICIT_RETAIN_SELF = YES;
				CLANG_WARN_OBJC_LITERAL_CONVERSION = YES;
				CLANG_WARN_OBJC_ROOT_CLASS = YES_ERROR;
				CLANG_WARN_RANGE_LOOP_ANALYSIS = YES;
				CLANG_WARN_STRICT_PROTOTYPES = YES;
				CLANG_WARN_SUSPICIOUS_MOVE = YES;
				CLANG_WARN_UNGUARDED_AVAILABILITY = YES_AGGRESSIVE;
				CLANG_WARN_UNREACHABLE_CODE = YES;
				CLANG_WARN__DUPLICATE_METHOD_MATCH = YES;
				CODE_SIGN_IDENTITY = "-";
				COPY_PHASE_STRIP = NO;
				CURRENT_PROJECT_VERSION = 1;
				DEBUG_INFORMATION_FORMAT = dwarf;
				ENABLE_STRICT_OBJC_MSGSEND = YES;
				ENABLE_TESTABILITY = YES;
				GCC_C_LANGUAGE_STANDARD = gnu11;
				GCC_DYNAMIC_NO_PIC = NO;
				GCC_NO_COMMON_BLOCKS = YES;
				GCC_OPTIMIZATION_LEVEL = 0;
				GCC_PREPROCESSOR_DEFINITIONS = (
					"DEBUG=1",
					"$(inherited)",
				);
				GCC_WARN_64_TO_32_BIT_CONVERSION = YES;
				GCC_WARN_ABOUT_RETURN_TYPE = YES_ERROR;
				GCC_WARN_UNDECLARED_SELECTOR = YES;
				GCC_WARN_UNINITIALIZED_AUTOS = YES_AGGRESSIVE;
				GCC_WARN_UNUSED_FUNCTION = YES;
				GCC_WARN_UNUSED_VARIABLE = YES;
				MACOSX_DEPLOYMENT_TARGET = 10.14;
				MTL_ENABLE_DEBUG_INFO = INCLUDE_SOURCE;
				MTL_FAST_MATH = YES;
				ONLY_ACTIVE_ARCH = YES;
				SDKROOT = macosx;
				SWIFT_ACTIVE_COMPILATION_CONDITIONS = DEBUG;
				SWIFT_OPTIMIZATION_LEVEL = "-Onone";
				VERSIONING_SYSTEM = "apple-generic";
				VERSION_INFO_PREFIX = "";
			};
			name = Debug;
		};
		A08004732220AC800006722E /* Release */ = {
			isa = XCBuildConfiguration;
			buildSettings = {
				ALWAYS_SEARCH_USER_PATHS = NO;
				CLANG_ANALYZER_NONNULL = YES;
				CLANG_ANALYZER_NUMBER_OBJECT_CONVERSION = YES_AGGRESSIVE;
				CLANG_CXX_LANGUAGE_STANDARD = "gnu++14";
				CLANG_CXX_LIBRARY = "libc++";
				CLANG_ENABLE_MODULES = YES;
				CLANG_ENABLE_OBJC_ARC = YES;
				CLANG_ENABLE_OBJC_WEAK = YES;
				CLANG_WARN_BLOCK_CAPTURE_AUTORELEASING = YES;
				CLANG_WARN_BOOL_CONVERSION = YES;
				CLANG_WARN_COMMA = YES;
				CLANG_WARN_CONSTANT_CONVERSION = YES;
				CLANG_WARN_DEPRECATED_OBJC_IMPLEMENTATIONS = YES;
				CLANG_WARN_DIRECT_OBJC_ISA_USAGE = YES_ERROR;
				CLANG_WARN_DOCUMENTATION_COMMENTS = YES;
				CLANG_WARN_EMPTY_BODY = YES;
				CLANG_WARN_ENUM_CONVERSION = YES;
				CLANG_WARN_INFINITE_RECURSION = YES;
				CLANG_WARN_INT_CONVERSION = YES;
				CLANG_WARN_NON_LITERAL_NULL_CONVERSION = YES;
				CLANG_WARN_OBJC_IMPLICIT_RETAIN_SELF = YES;
				CLANG_WARN_OBJC_LITERAL_CONVERSION = YES;
				CLANG_WARN_OBJC_ROOT_CLASS = YES_ERROR;
				CLANG_WARN_RANGE_LOOP_ANALYSIS = YES;
				CLANG_WARN_STRICT_PROTOTYPES = YES;
				CLANG_WARN_SUSPICIOUS_MOVE = YES;
				CLANG_WARN_UNGUARDED_AVAILABILITY = YES_AGGRESSIVE;
				CLANG_WARN_UNREACHABLE_CODE = YES;
				CLANG_WARN__DUPLICATE_METHOD_MATCH = YES;
				CODE_SIGN_IDENTITY = "-";
				COPY_PHASE_STRIP = NO;
				CURRENT_PROJECT_VERSION = 1;
				DEBUG_INFORMATION_FORMAT = "dwarf-with-dsym";
				ENABLE_NS_ASSERTIONS = NO;
				ENABLE_STRICT_OBJC_MSGSEND = YES;
				GCC_C_LANGUAGE_STANDARD = gnu11;
				GCC_NO_COMMON_BLOCKS = YES;
				GCC_WARN_64_TO_32_BIT_CONVERSION = YES;
				GCC_WARN_ABOUT_RETURN_TYPE = YES_ERROR;
				GCC_WARN_UNDECLARED_SELECTOR = YES;
				GCC_WARN_UNINITIALIZED_AUTOS = YES_AGGRESSIVE;
				GCC_WARN_UNUSED_FUNCTION = YES;
				GCC_WARN_UNUSED_VARIABLE = YES;
				MACOSX_DEPLOYMENT_TARGET = 10.14;
				MTL_ENABLE_DEBUG_INFO = NO;
				MTL_FAST_MATH = YES;
				SDKROOT = macosx;
				SWIFT_COMPILATION_MODE = wholemodule;
				SWIFT_OPTIMIZATION_LEVEL = "-O";
				VERSIONING_SYSTEM = "apple-generic";
				VERSION_INFO_PREFIX = "";
			};
			name = Release;
		};
		A08004752220AC800006722E /* Debug */ = {
			isa = XCBuildConfiguration;
			buildSettings = {
				CODE_SIGN_IDENTITY = "";
				CODE_SIGN_STYLE = Automatic;
				COMBINE_HIDPI_IMAGES = YES;
				DEFINES_MODULE = YES;
				DYLIB_COMPATIBILITY_VERSION = 1;
				DYLIB_CURRENT_VERSION = 1;
				DYLIB_INSTALL_NAME_BASE = "@rpath";
				FRAMEWORK_VERSION = A;
				INFOPLIST_FILE = CommonRaytracingFramework/Info.plist;
				INSTALL_PATH = "$(LOCAL_LIBRARY_DIR)/Frameworks";
				LD_RUNPATH_SEARCH_PATHS = (
					"$(inherited)",
					"@executable_path/../Frameworks",
					"@loader_path/Frameworks",
				);
				PRODUCT_BUNDLE_IDENTIFIER = com.brendanseabrook.CommonRaytracingFramework;
				PRODUCT_NAME = "$(TARGET_NAME:c99extidentifier)";
				SKIP_INSTALL = YES;
				SWIFT_VERSION = 4.2;
			};
			name = Debug;
		};
		A08004762220AC800006722E /* Release */ = {
			isa = XCBuildConfiguration;
			buildSettings = {
				CODE_SIGN_IDENTITY = "";
				CODE_SIGN_STYLE = Automatic;
				COMBINE_HIDPI_IMAGES = YES;
				DEFINES_MODULE = YES;
				DYLIB_COMPATIBILITY_VERSION = 1;
				DYLIB_CURRENT_VERSION = 1;
				DYLIB_INSTALL_NAME_BASE = "@rpath";
				FRAMEWORK_VERSION = A;
				INFOPLIST_FILE = CommonRaytracingFramework/Info.plist;
				INSTALL_PATH = "$(LOCAL_LIBRARY_DIR)/Frameworks";
				LD_RUNPATH_SEARCH_PATHS = (
					"$(inherited)",
					"@executable_path/../Frameworks",
					"@loader_path/Frameworks",
				);
				PRODUCT_BUNDLE_IDENTIFIER = com.brendanseabrook.CommonRaytracingFramework;
				PRODUCT_NAME = "$(TARGET_NAME:c99extidentifier)";
				SKIP_INSTALL = YES;
				SWIFT_VERSION = 4.2;
			};
			name = Release;
		};
		A08004782220AC800006722E /* Debug */ = {
			isa = XCBuildConfiguration;
			buildSettings = {
				CODE_SIGN_STYLE = Automatic;
				COMBINE_HIDPI_IMAGES = YES;
				INFOPLIST_FILE = CommonRaytracingFrameworkTests/Info.plist;
				LD_RUNPATH_SEARCH_PATHS = (
					"$(inherited)",
					"@executable_path/../Frameworks",
					"@loader_path/../Frameworks",
				);
				PRODUCT_BUNDLE_IDENTIFIER = com.brendanseabrook.CommonRaytracingFrameworkTests;
				PRODUCT_NAME = "$(TARGET_NAME)";
				SWIFT_VERSION = 4.2;
			};
			name = Debug;
		};
		A08004792220AC800006722E /* Release */ = {
			isa = XCBuildConfiguration;
			buildSettings = {
				CODE_SIGN_STYLE = Automatic;
				COMBINE_HIDPI_IMAGES = YES;
				INFOPLIST_FILE = CommonRaytracingFrameworkTests/Info.plist;
				LD_RUNPATH_SEARCH_PATHS = (
					"$(inherited)",
					"@executable_path/../Frameworks",
					"@loader_path/../Frameworks",
				);
				PRODUCT_BUNDLE_IDENTIFIER = com.brendanseabrook.CommonRaytracingFrameworkTests;
				PRODUCT_NAME = "$(TARGET_NAME)";
				SWIFT_VERSION = 4.2;
			};
			name = Release;
		};
/* End XCBuildConfiguration section */

/* Begin XCConfigurationList section */
		A080045A2220AC800006722E /* Build configuration list for PBXProject "CommonRaytracingFramework" */ = {
			isa = XCConfigurationList;
			buildConfigurations = (
				A08004722220AC800006722E /* Debug */,
				A08004732220AC800006722E /* Release */,
			);
			defaultConfigurationIsVisible = 0;
			defaultConfigurationName = Release;
		};
		A08004742220AC800006722E /* Build configuration list for PBXNativeTarget "CommonRaytracingFramework" */ = {
			isa = XCConfigurationList;
			buildConfigurations = (
				A08004752220AC800006722E /* Debug */,
				A08004762220AC800006722E /* Release */,
			);
			defaultConfigurationIsVisible = 0;
			defaultConfigurationName = Release;
		};
		A08004772220AC800006722E /* Build configuration list for PBXNativeTarget "CommonRaytracingFrameworkTests" */ = {
			isa = XCConfigurationList;
			buildConfigurations = (
				A08004782220AC800006722E /* Debug */,
				A08004792220AC800006722E /* Release */,
			);
			defaultConfigurationIsVisible = 0;
			defaultConfigurationName = Release;
		};
/* End XCConfigurationList section */
	};
	rootObject = A08004572220AC800006722E /* Project object */;
}
